// !$*UTF8*$!
{
	archiveVersion = 1;
	classes = {
	};
	objectVersion = 52;
	objects = {

/* Begin PBXBuildFile section */
		9113A699242663C100D3C63C /* Package.resolved in Resources */ = {isa = PBXBuildFile; fileRef = 91B1D24F241FCFB700A7B5E4 /* Package.resolved */; };
		9164EE5523DDDA6500086338 /* xLib6000 in Frameworks */ = {isa = PBXBuildFile; productRef = 9164EE5423DDDA6500086338 /* xLib6000 */; };
		917AAA7A23D53FD90082FAEB /* ObjcExceptionBridging in Frameworks */ = {isa = PBXBuildFile; productRef = 917AAA7923D53FD90082FAEB /* ObjcExceptionBridging */; };
		917AAA7C23D53FD90082FAEB /* XCGLogger in Frameworks */ = {isa = PBXBuildFile; productRef = 917AAA7B23D53FD90082FAEB /* XCGLogger */; };
		918725A323D64402009B63A3 /* ChangeLog.txt in Resources */ = {isa = PBXBuildFile; fileRef = 918725A223D64402009B63A3 /* ChangeLog.txt */; };
		919614F723D28F8F0069AE94 /* README.md in Resources */ = {isa = PBXBuildFile; fileRef = 919614F623D28F8F0069AE94 /* README.md */; };
		919F57DC24109324001956B0 /* Logger.swift in Sources */ = {isa = PBXBuildFile; fileRef = 919F57DB24109324001956B0 /* Logger.swift */; };
		91E4788A23B666EE004DA6A7 /* AudioHelper.swift in Sources */ = {isa = PBXBuildFile; fileRef = 91E4780923B666EE004DA6A7 /* AudioHelper.swift */; };
		91E4788B23B666EE004DA6A7 /* TPCircularBuffer+AudioBufferList.c in Sources */ = {isa = PBXBuildFile; fileRef = 91E4780D23B666EE004DA6A7 /* TPCircularBuffer+AudioBufferList.c */; };
		91E4788C23B666EE004DA6A7 /* README.markdown in Resources */ = {isa = PBXBuildFile; fileRef = 91E4780F23B666EE004DA6A7 /* README.markdown */; };
		91E4788D23B666EE004DA6A7 /* TPCircularBuffer.c in Sources */ = {isa = PBXBuildFile; fileRef = 91E4781023B666EE004DA6A7 /* TPCircularBuffer.c */; };
		91E4789023B666EE004DA6A7 /* Band.swift in Sources */ = {isa = PBXBuildFile; fileRef = 91E4781723B666EE004DA6A7 /* Band.swift */; };
		91E4789123B666EE004DA6A7 /* Filters.xml in Resources */ = {isa = PBXBuildFile; fileRef = 91E4781823B666EE004DA6A7 /* Filters.xml */; };
		91E4789223B666EE004DA6A7 /* Defaults.plist in Resources */ = {isa = PBXBuildFile; fileRef = 91E4781923B666EE004DA6A7 /* Defaults.plist */; };
		91E4789323B666EE004DA6A7 /* LevelIndicator.swift in Sources */ = {isa = PBXBuildFile; fileRef = 91E4781B23B666EE004DA6A7 /* LevelIndicator.swift */; };
		91E4789423B666EE004DA6A7 /* BarView.swift in Sources */ = {isa = PBXBuildFile; fileRef = 91E4781C23B666EE004DA6A7 /* BarView.swift */; };
		91E4789523B666EE004DA6A7 /* OpusEncode.swift in Sources */ = {isa = PBXBuildFile; fileRef = 91E4781D23B666EE004DA6A7 /* OpusEncode.swift */; };
		91E4789623B666EE004DA6A7 /* BandSegments.plist in Resources */ = {isa = PBXBuildFile; fileRef = 91E4781E23B666EE004DA6A7 /* BandSegments.plist */; };
		91E4789723B666EE004DA6A7 /* Filters.plist in Resources */ = {isa = PBXBuildFile; fileRef = 91E4781F23B666EE004DA6A7 /* Filters.plist */; };
		91E4789823B666EE004DA6A7 /* OpusPlayer.swift in Sources */ = {isa = PBXBuildFile; fileRef = 91E4782023B666EE004DA6A7 /* OpusPlayer.swift */; };
		91E4789923B666EE004DA6A7 /* ParameterMonitor.swift in Sources */ = {isa = PBXBuildFile; fileRef = 91E4782123B666EE004DA6A7 /* ParameterMonitor.swift */; };
		91E4789A23B666EE004DA6A7 /* xSDR6000.pages in Resources */ = {isa = PBXBuildFile; fileRef = 91E4782323B666EE004DA6A7 /* xSDR6000.pages */; };
		91E4789B23B666EE004DA6A7 /* xSDR6000.pdf in Resources */ = {isa = PBXBuildFile; fileRef = 91E4782423B666EE004DA6A7 /* xSDR6000.pdf */; };
		91E4789C23B666EE004DA6A7 /* PCWPrefsViewController.swift in Sources */ = {isa = PBXBuildFile; fileRef = 91E4782623B666EE004DA6A7 /* PCWPrefsViewController.swift */; };
		91E4789D23B666EE004DA6A7 /* GpsPrefsViewController.swift in Sources */ = {isa = PBXBuildFile; fileRef = 91E4782723B666EE004DA6A7 /* GpsPrefsViewController.swift */; };
		91E4789E23B666EE004DA6A7 /* RxPrefsViewController.swift in Sources */ = {isa = PBXBuildFile; fileRef = 91E4782823B666EE004DA6A7 /* RxPrefsViewController.swift */; };
		91E4789F23B666EE004DA6A7 /* ColorsPrefsViewController.swift in Sources */ = {isa = PBXBuildFile; fileRef = 91E4782923B666EE004DA6A7 /* ColorsPrefsViewController.swift */; };
		91E478A023B666EE004DA6A7 /* XvtrPrefsViewController.swift in Sources */ = {isa = PBXBuildFile; fileRef = 91E4782A23B666EE004DA6A7 /* XvtrPrefsViewController.swift */; };
		91E478A123B666EE004DA6A7 /* FiltersPrefsViewController.swift in Sources */ = {isa = PBXBuildFile; fileRef = 91E4782B23B666EE004DA6A7 /* FiltersPrefsViewController.swift */; };
		91E478A223B666EE004DA6A7 /* PreferencesTabViewController.swift in Sources */ = {isa = PBXBuildFile; fileRef = 91E4782C23B666EE004DA6A7 /* PreferencesTabViewController.swift */; };
		91E478A323B666EE004DA6A7 /* InfoPrefsViewController.swift in Sources */ = {isa = PBXBuildFile; fileRef = 91E4782D23B666EE004DA6A7 /* InfoPrefsViewController.swift */; };
		91E478A423B666EE004DA6A7 /* RadioPrefsViewController.swift in Sources */ = {isa = PBXBuildFile; fileRef = 91E4782E23B666EE004DA6A7 /* RadioPrefsViewController.swift */; };
		91E478A523B666EE004DA6A7 /* NetworkPrefsViewController.swift in Sources */ = {isa = PBXBuildFile; fileRef = 91E4782F23B666EE004DA6A7 /* NetworkPrefsViewController.swift */; };
		91E478A623B666EE004DA6A7 /* TXPrefsViewController.swift in Sources */ = {isa = PBXBuildFile; fileRef = 91E4783023B666EE004DA6A7 /* TXPrefsViewController.swift */; };
		91E478A723B666EE004DA6A7 /* MainWindowController.swift in Sources */ = {isa = PBXBuildFile; fileRef = 91E4783323B666EE004DA6A7 /* MainWindowController.swift */; };
		91E478A823B666EE004DA6A7 /* RadioViewController.swift in Sources */ = {isa = PBXBuildFile; fileRef = 91E4783423B666EE004DA6A7 /* RadioViewController.swift */; };
		91E478A923B666EE004DA6A7 /* BandButtonViewController.swift in Sources */ = {isa = PBXBuildFile; fileRef = 91E4783623B666EE004DA6A7 /* BandButtonViewController.swift */; };
		91E478AA23B666EE004DA6A7 /* DisplayViewController.swift in Sources */ = {isa = PBXBuildFile; fileRef = 91E4783723B666EE004DA6A7 /* DisplayViewController.swift */; };
		91E478AB23B666EE004DA6A7 /* AntennaViewController.swift in Sources */ = {isa = PBXBuildFile; fileRef = 91E4783823B666EE004DA6A7 /* AntennaViewController.swift */; };
		91E478AC23B666EE004DA6A7 /* DaxIqViewController.swift in Sources */ = {isa = PBXBuildFile; fileRef = 91E4783923B666EE004DA6A7 /* DaxIqViewController.swift */; };
		91E478AD23B666EE004DA6A7 /* WaterfallRenderer.swift in Sources */ = {isa = PBXBuildFile; fileRef = 91E4783B23B666EE004DA6A7 /* WaterfallRenderer.swift */; };
		91E478AE23B666EE004DA6A7 /* Grayscale.tex in Resources */ = {isa = PBXBuildFile; fileRef = 91E4783D23B666EE004DA6A7 /* Grayscale.tex */; };
		91E478AF23B666EE004DA6A7 /* Dark.tex in Resources */ = {isa = PBXBuildFile; fileRef = 91E4783E23B666EE004DA6A7 /* Dark.tex */; };
		91E478B023B666EE004DA6A7 /* Deuteranopia.tex in Resources */ = {isa = PBXBuildFile; fileRef = 91E4783F23B666EE004DA6A7 /* Deuteranopia.tex */; };
		91E478B123B666EE004DA6A7 /* TimeLayer.swift in Sources */ = {isa = PBXBuildFile; fileRef = 91E4784023B666EE004DA6A7 /* TimeLayer.swift */; };
		91E478B223B666EE004DA6A7 /* Basic.tex in Resources */ = {isa = PBXBuildFile; fileRef = 91E4784123B666EE004DA6A7 /* Basic.tex */; };
		91E478B323B666EE004DA6A7 /* Purple.tex in Resources */ = {isa = PBXBuildFile; fileRef = 91E4784223B666EE004DA6A7 /* Purple.tex */; };
		91E478B423B666EE004DA6A7 /* Tritanopia.tex in Resources */ = {isa = PBXBuildFile; fileRef = 91E4784323B666EE004DA6A7 /* Tritanopia.tex */; };
		91E478B523B666EE004DA6A7 /* WaterfallViewController.swift in Sources */ = {isa = PBXBuildFile; fileRef = 91E4784423B666EE004DA6A7 /* WaterfallViewController.swift */; };
		91E478B623B666EE004DA6A7 /* WaterfallShaders.metal in Sources */ = {isa = PBXBuildFile; fileRef = 91E4784523B666EE004DA6A7 /* WaterfallShaders.metal */; };
		91E478B723B666EE004DA6A7 /* Assets.xcassets in Resources */ = {isa = PBXBuildFile; fileRef = 91E4784623B666EE004DA6A7 /* Assets.xcassets */; };
		91E478B823B666EE004DA6A7 /* SideViewController.swift in Sources */ = {isa = PBXBuildFile; fileRef = 91E4784823B666EE004DA6A7 /* SideViewController.swift */; };
		91E478B923B666EE004DA6A7 /* CWViewController.swift in Sources */ = {isa = PBXBuildFile; fileRef = 91E4784923B666EE004DA6A7 /* CWViewController.swift */; };
		91E478BA23B666EE004DA6A7 /* EqViewController.swift in Sources */ = {isa = PBXBuildFile; fileRef = 91E4784A23B666EE004DA6A7 /* EqViewController.swift */; };
		91E478BB23B666EE004DA6A7 /* PCWViewController.swift in Sources */ = {isa = PBXBuildFile; fileRef = 91E4784B23B666EE004DA6A7 /* PCWViewController.swift */; };
		91E478BC23B666EE004DA6A7 /* TxViewController.swift in Sources */ = {isa = PBXBuildFile; fileRef = 91E4784C23B666EE004DA6A7 /* TxViewController.swift */; };
		91E478BD23B666EE004DA6A7 /* PhoneViewController.swift in Sources */ = {isa = PBXBuildFile; fileRef = 91E4784D23B666EE004DA6A7 /* PhoneViewController.swift */; };
		91E478C523B666EE004DA6A7 /* DspViewController.swift in Sources */ = {isa = PBXBuildFile; fileRef = 91E4785E23B666EE004DA6A7 /* DspViewController.swift */; };
		91E478C623B666EE004DA6A7 /* FlagViewController.swift in Sources */ = {isa = PBXBuildFile; fileRef = 91E4785F23B666EE004DA6A7 /* FlagViewController.swift */; };
		91E478C723B666EE004DA6A7 /* AudioViewController.swift in Sources */ = {isa = PBXBuildFile; fileRef = 91E4786023B666EE004DA6A7 /* AudioViewController.swift */; };
		91E478C823B666EE004DA6A7 /* ControlsViewController.swift in Sources */ = {isa = PBXBuildFile; fileRef = 91E4786123B666EE004DA6A7 /* ControlsViewController.swift */; };
		91E478C923B666EE004DA6A7 /* DaxViewController.swift in Sources */ = {isa = PBXBuildFile; fileRef = 91E4786223B666EE004DA6A7 /* DaxViewController.swift */; };
		91E478CA23B666EE004DA6A7 /* ModeViewController.swift in Sources */ = {isa = PBXBuildFile; fileRef = 91E4786323B666EE004DA6A7 /* ModeViewController.swift */; };
		91E478CB23B666EE004DA6A7 /* XritViewController.swift in Sources */ = {isa = PBXBuildFile; fileRef = 91E4786423B666EE004DA6A7 /* XritViewController.swift */; };
		91E478CC23B666EE004DA6A7 /* DbLegendView.swift in Sources */ = {isa = PBXBuildFile; fileRef = 91E4786523B666EE004DA6A7 /* DbLegendView.swift */; };
		91E478CD23B666EE004DA6A7 /* PanadapterViewController.swift in Sources */ = {isa = PBXBuildFile; fileRef = 91E4786623B666EE004DA6A7 /* PanadapterViewController.swift */; };
		91E478CE23B666EE004DA6A7 /* FrequencyLegendView.swift in Sources */ = {isa = PBXBuildFile; fileRef = 91E4786723B666EE004DA6A7 /* FrequencyLegendView.swift */; };
		91E478CF23B666EE004DA6A7 /* PanadapterRenderer.swift in Sources */ = {isa = PBXBuildFile; fileRef = 91E4786823B666EE004DA6A7 /* PanadapterRenderer.swift */; };
		91E478D023B666EE004DA6A7 /* PanadapterShaders.metal in Sources */ = {isa = PBXBuildFile; fileRef = 91E4786923B666EE004DA6A7 /* PanadapterShaders.metal */; };
		91E478D123B666EE004DA6A7 /* PanafallButtonView.swift in Sources */ = {isa = PBXBuildFile; fileRef = 91E4786B23B666EE004DA6A7 /* PanafallButtonView.swift */; };
		91E478D223B666EE004DA6A7 /* PanafallViewController.swift in Sources */ = {isa = PBXBuildFile; fileRef = 91E4786C23B666EE004DA6A7 /* PanafallViewController.swift */; };
		91E478D323B666EE004DA6A7 /* PanafallsViewController.swift in Sources */ = {isa = PBXBuildFile; fileRef = 91E4786D23B666EE004DA6A7 /* PanafallsViewController.swift */; };
		91E478D423B666EE004DA6A7 /* PanafallButtonViewController.swift in Sources */ = {isa = PBXBuildFile; fileRef = 91E4786E23B666EE004DA6A7 /* PanafallButtonViewController.swift */; };
		91E478D523B666EE004DA6A7 /* AppDelegate.swift in Sources */ = {isa = PBXBuildFile; fileRef = 91E4786F23B666EE004DA6A7 /* AppDelegate.swift */; };
		91E478D623B666EE004DA6A7 /* ProfileViewController.swift in Sources */ = {isa = PBXBuildFile; fileRef = 91E4787123B666EE004DA6A7 /* ProfileViewController.swift */; };
		91E478D723B666EE004DA6A7 /* AppExtensions.swift in Sources */ = {isa = PBXBuildFile; fileRef = 91E4787223B666EE004DA6A7 /* AppExtensions.swift */; };
		91E478D923B666EE004DA6A7 /* Keychain.swift in Sources */ = {isa = PBXBuildFile; fileRef = 91E4787723B666EE004DA6A7 /* Keychain.swift */; };
		91E478DA23B666EE004DA6A7 /* JWTDecode.swift in Sources */ = {isa = PBXBuildFile; fileRef = 91E4787923B666EE004DA6A7 /* JWTDecode.swift */; };
		91E478DB23B666EE004DA6A7 /* JWT.swift in Sources */ = {isa = PBXBuildFile; fileRef = 91E4787A23B666EE004DA6A7 /* JWT.swift */; };
		91E478DC23B666EE004DA6A7 /* Errors.swift in Sources */ = {isa = PBXBuildFile; fileRef = 91E4787B23B666EE004DA6A7 /* Errors.swift */; };
		91E478DD23B666EE004DA6A7 /* DictionaryExtensions.swift in Sources */ = {isa = PBXBuildFile; fileRef = 91E4787D23B666EE004DA6A7 /* DictionaryExtensions.swift */; };
		91E478DE23B666EE004DA6A7 /* DataExtensions.swift in Sources */ = {isa = PBXBuildFile; fileRef = 91E4787E23B666EE004DA6A7 /* DataExtensions.swift */; };
		91E478DF23B666EE004DA6A7 /* StringExtensions.swift in Sources */ = {isa = PBXBuildFile; fileRef = 91E4787F23B666EE004DA6A7 /* StringExtensions.swift */; };
		91E478E023B666EE004DA6A7 /* URLSessionExtensions.swift in Sources */ = {isa = PBXBuildFile; fileRef = 91E4788023B666EE004DA6A7 /* URLSessionExtensions.swift */; };
		91E478E123B666EE004DA6A7 /* Auth0ViewController.swift in Sources */ = {isa = PBXBuildFile; fileRef = 91E4788223B666EE004DA6A7 /* Auth0ViewController.swift */; };
		91E478E223B666EE004DA6A7 /* WANRadioPickerViewController.swift in Sources */ = {isa = PBXBuildFile; fileRef = 91E4788323B666EE004DA6A7 /* WANRadioPickerViewController.swift */; };
		91E478E323B666EE004DA6A7 /* LANRadioPickerViewController.swift in Sources */ = {isa = PBXBuildFile; fileRef = 91E4788423B666EE004DA6A7 /* LANRadioPickerViewController.swift */; };
		91E478E423B666EE004DA6A7 /* HelpViewController.swift in Sources */ = {isa = PBXBuildFile; fileRef = 91E4788623B666EE004DA6A7 /* HelpViewController.swift */; };
		91E4790323B667BE004DA6A7 /* SwiftyUserDefaults in Frameworks */ = {isa = PBXBuildFile; productRef = 91E4790223B667BE004DA6A7 /* SwiftyUserDefaults */; };
		91E4791723B68C7D004DA6A7 /* RingBuffer.mm in Sources */ = {isa = PBXBuildFile; fileRef = 91E4791123B68C7D004DA6A7 /* RingBuffer.mm */; };
		91E4791823B68C7D004DA6A7 /* CARingBuffer.cpp in Sources */ = {isa = PBXBuildFile; fileRef = 91E4791423B68C7D004DA6A7 /* CARingBuffer.cpp */; };
		91E4791A23B691B0004DA6A7 /* OpusOSX.framework in Frameworks */ = {isa = PBXBuildFile; fileRef = 91E4780523B666ED004DA6A7 /* OpusOSX.framework */; };
		91E4791B23B691B0004DA6A7 /* OpusOSX.framework in Embed Frameworks */ = {isa = PBXBuildFile; fileRef = 91E4780523B666ED004DA6A7 /* OpusOSX.framework */; settings = {ATTRIBUTES = (CodeSignOnCopy, RemoveHeadersOnCopy, ); }; };
		91E4792E23B69A2A004DA6A7 /* Preferences.storyboard in Resources */ = {isa = PBXBuildFile; fileRef = 91E4792023B69A2A004DA6A7 /* Preferences.storyboard */; };
		91E4792F23B69A2A004DA6A7 /* Panafall.storyboard in Resources */ = {isa = PBXBuildFile; fileRef = 91E4792223B69A2A004DA6A7 /* Panafall.storyboard */; };
		91E4793023B69A2A004DA6A7 /* Side.storyboard in Resources */ = {isa = PBXBuildFile; fileRef = 91E4792423B69A2A004DA6A7 /* Side.storyboard */; };
		91E4793123B69A2A004DA6A7 /* RadioPicker.storyboard in Resources */ = {isa = PBXBuildFile; fileRef = 91E4792623B69A2A004DA6A7 /* RadioPicker.storyboard */; };
		91E4793223B69A2A004DA6A7 /* Main.storyboard in Resources */ = {isa = PBXBuildFile; fileRef = 91E4792823B69A2A004DA6A7 /* Main.storyboard */; };
		91E4793323B69A2A004DA6A7 /* Flag.storyboard in Resources */ = {isa = PBXBuildFile; fileRef = 91E4792A23B69A2A004DA6A7 /* Flag.storyboard */; };
		91E4793423B69A2A004DA6A7 /* Profiles.storyboard in Resources */ = {isa = PBXBuildFile; fileRef = 91E4792C23B69A2A004DA6A7 /* Profiles.storyboard */; };
/* End PBXBuildFile section */

/* Begin PBXCopyFilesBuildPhase section */
		91E4791C23B691B0004DA6A7 /* Embed Frameworks */ = {
			isa = PBXCopyFilesBuildPhase;
			buildActionMask = 2147483647;
			dstPath = "";
			dstSubfolderSpec = 10;
			files = (
				91E4791B23B691B0004DA6A7 /* OpusOSX.framework in Embed Frameworks */,
			);
			name = "Embed Frameworks";
			runOnlyForDeploymentPostprocessing = 0;
		};
/* End PBXCopyFilesBuildPhase section */

/* Begin PBXFileReference section */
		918725A223D64402009B63A3 /* ChangeLog.txt */ = {isa = PBXFileReference; fileEncoding = 4; lastKnownFileType = text; path = ChangeLog.txt; sourceTree = "<group>"; };
		919614F423D28DB50069AE94 /* xSDR6000-Bridging-Header.h */ = {isa = PBXFileReference; fileEncoding = 4; lastKnownFileType = sourcecode.c.h; path = "xSDR6000-Bridging-Header.h"; sourceTree = "<group>"; };
		919614F523D28DB50069AE94 /* xSDR6000.entitlements */ = {isa = PBXFileReference; fileEncoding = 4; lastKnownFileType = text.plist.entitlements; path = xSDR6000.entitlements; sourceTree = "<group>"; };
		919614F623D28F8F0069AE94 /* README.md */ = {isa = PBXFileReference; fileEncoding = 4; lastKnownFileType = net.daringfireball.markdown; path = README.md; sourceTree = "<group>"; };
		919F57DB24109324001956B0 /* Logger.swift */ = {isa = PBXFileReference; lastKnownFileType = sourcecode.swift; path = Logger.swift; sourceTree = "<group>"; };
		91B1D24B241FC4DD00A7B5E4 /* project.xcworkspace */ = {isa = PBXFileReference; lastKnownFileType = wrapper.workspace; name = project.xcworkspace; path = xSDR6000.xcodeproj/project.xcworkspace; sourceTree = "<group>"; };
		91B1D24F241FCFB700A7B5E4 /* Package.resolved */ = {isa = PBXFileReference; fileEncoding = 4; lastKnownFileType = text; path = Package.resolved; sourceTree = "<group>"; };
		91E477F123B66661004DA6A7 /* xSDR6000.app */ = {isa = PBXFileReference; explicitFileType = wrapper.application; includeInIndex = 0; path = xSDR6000.app; sourceTree = BUILT_PRODUCTS_DIR; };
		91E4780523B666ED004DA6A7 /* OpusOSX.framework */ = {isa = PBXFileReference; lastKnownFileType = wrapper.framework; path = OpusOSX.framework; sourceTree = "<group>"; };
		91E4780923B666EE004DA6A7 /* AudioHelper.swift */ = {isa = PBXFileReference; fileEncoding = 4; lastKnownFileType = sourcecode.swift; path = AudioHelper.swift; sourceTree = "<group>"; };
		91E4780C23B666EE004DA6A7 /* TPCircularBuffer.h */ = {isa = PBXFileReference; fileEncoding = 4; lastKnownFileType = sourcecode.c.h; path = TPCircularBuffer.h; sourceTree = "<group>"; };
		91E4780D23B666EE004DA6A7 /* TPCircularBuffer+AudioBufferList.c */ = {isa = PBXFileReference; fileEncoding = 4; lastKnownFileType = sourcecode.c.c; path = "TPCircularBuffer+AudioBufferList.c"; sourceTree = "<group>"; };
		91E4780F23B666EE004DA6A7 /* README.markdown */ = {isa = PBXFileReference; fileEncoding = 4; lastKnownFileType = net.daringfireball.markdown; path = README.markdown; sourceTree = "<group>"; };
		91E4781023B666EE004DA6A7 /* TPCircularBuffer.c */ = {isa = PBXFileReference; fileEncoding = 4; lastKnownFileType = sourcecode.c.c; path = TPCircularBuffer.c; sourceTree = "<group>"; };
		91E4781123B666EE004DA6A7 /* CARingBuffer.h */ = {isa = PBXFileReference; fileEncoding = 4; lastKnownFileType = sourcecode.c.h; path = CARingBuffer.h; sourceTree = "<group>"; };
		91E4781523B666EE004DA6A7 /* TPCircularBuffer+AudioBufferList.h */ = {isa = PBXFileReference; fileEncoding = 4; lastKnownFileType = sourcecode.c.h; path = "TPCircularBuffer+AudioBufferList.h"; sourceTree = "<group>"; };
		91E4781723B666EE004DA6A7 /* Band.swift */ = {isa = PBXFileReference; fileEncoding = 4; lastKnownFileType = sourcecode.swift; path = Band.swift; sourceTree = "<group>"; };
		91E4781823B666EE004DA6A7 /* Filters.xml */ = {isa = PBXFileReference; fileEncoding = 4; lastKnownFileType = text.xml; path = Filters.xml; sourceTree = "<group>"; };
		91E4781923B666EE004DA6A7 /* Defaults.plist */ = {isa = PBXFileReference; lastKnownFileType = file.bplist; path = Defaults.plist; sourceTree = "<group>"; };
		91E4781B23B666EE004DA6A7 /* LevelIndicator.swift */ = {isa = PBXFileReference; fileEncoding = 4; lastKnownFileType = sourcecode.swift; path = LevelIndicator.swift; sourceTree = "<group>"; };
		91E4781C23B666EE004DA6A7 /* BarView.swift */ = {isa = PBXFileReference; fileEncoding = 4; lastKnownFileType = sourcecode.swift; path = BarView.swift; sourceTree = "<group>"; };
		91E4781D23B666EE004DA6A7 /* OpusEncode.swift */ = {isa = PBXFileReference; fileEncoding = 4; lastKnownFileType = sourcecode.swift; path = OpusEncode.swift; sourceTree = "<group>"; };
		91E4781E23B666EE004DA6A7 /* BandSegments.plist */ = {isa = PBXFileReference; fileEncoding = 4; lastKnownFileType = text.plist.xml; path = BandSegments.plist; sourceTree = "<group>"; };
		91E4781F23B666EE004DA6A7 /* Filters.plist */ = {isa = PBXFileReference; lastKnownFileType = file.bplist; path = Filters.plist; sourceTree = "<group>"; };
		91E4782023B666EE004DA6A7 /* OpusPlayer.swift */ = {isa = PBXFileReference; fileEncoding = 4; lastKnownFileType = sourcecode.swift; path = OpusPlayer.swift; sourceTree = "<group>"; };
		91E4782123B666EE004DA6A7 /* ParameterMonitor.swift */ = {isa = PBXFileReference; fileEncoding = 4; lastKnownFileType = sourcecode.swift; path = ParameterMonitor.swift; sourceTree = "<group>"; };
		91E4782323B666EE004DA6A7 /* xSDR6000.pages */ = {isa = PBXFileReference; lastKnownFileType = file; path = xSDR6000.pages; sourceTree = "<group>"; };
		91E4782423B666EE004DA6A7 /* xSDR6000.pdf */ = {isa = PBXFileReference; lastKnownFileType = image.pdf; path = xSDR6000.pdf; sourceTree = "<group>"; };
		91E4782623B666EE004DA6A7 /* PCWPrefsViewController.swift */ = {isa = PBXFileReference; fileEncoding = 4; lastKnownFileType = sourcecode.swift; path = PCWPrefsViewController.swift; sourceTree = "<group>"; };
		91E4782723B666EE004DA6A7 /* GpsPrefsViewController.swift */ = {isa = PBXFileReference; fileEncoding = 4; lastKnownFileType = sourcecode.swift; path = GpsPrefsViewController.swift; sourceTree = "<group>"; };
		91E4782823B666EE004DA6A7 /* RxPrefsViewController.swift */ = {isa = PBXFileReference; fileEncoding = 4; lastKnownFileType = sourcecode.swift; path = RxPrefsViewController.swift; sourceTree = "<group>"; };
		91E4782923B666EE004DA6A7 /* ColorsPrefsViewController.swift */ = {isa = PBXFileReference; fileEncoding = 4; lastKnownFileType = sourcecode.swift; path = ColorsPrefsViewController.swift; sourceTree = "<group>"; };
		91E4782A23B666EE004DA6A7 /* XvtrPrefsViewController.swift */ = {isa = PBXFileReference; fileEncoding = 4; lastKnownFileType = sourcecode.swift; path = XvtrPrefsViewController.swift; sourceTree = "<group>"; };
		91E4782B23B666EE004DA6A7 /* FiltersPrefsViewController.swift */ = {isa = PBXFileReference; fileEncoding = 4; lastKnownFileType = sourcecode.swift; path = FiltersPrefsViewController.swift; sourceTree = "<group>"; };
		91E4782C23B666EE004DA6A7 /* PreferencesTabViewController.swift */ = {isa = PBXFileReference; fileEncoding = 4; lastKnownFileType = sourcecode.swift; path = PreferencesTabViewController.swift; sourceTree = "<group>"; };
		91E4782D23B666EE004DA6A7 /* InfoPrefsViewController.swift */ = {isa = PBXFileReference; fileEncoding = 4; lastKnownFileType = sourcecode.swift; path = InfoPrefsViewController.swift; sourceTree = "<group>"; };
		91E4782E23B666EE004DA6A7 /* RadioPrefsViewController.swift */ = {isa = PBXFileReference; fileEncoding = 4; lastKnownFileType = sourcecode.swift; path = RadioPrefsViewController.swift; sourceTree = "<group>"; };
		91E4782F23B666EE004DA6A7 /* NetworkPrefsViewController.swift */ = {isa = PBXFileReference; fileEncoding = 4; lastKnownFileType = sourcecode.swift; path = NetworkPrefsViewController.swift; sourceTree = "<group>"; };
		91E4783023B666EE004DA6A7 /* TXPrefsViewController.swift */ = {isa = PBXFileReference; fileEncoding = 4; lastKnownFileType = sourcecode.swift; path = TXPrefsViewController.swift; sourceTree = "<group>"; };
		91E4783323B666EE004DA6A7 /* MainWindowController.swift */ = {isa = PBXFileReference; fileEncoding = 4; lastKnownFileType = sourcecode.swift; path = MainWindowController.swift; sourceTree = "<group>"; };
		91E4783423B666EE004DA6A7 /* RadioViewController.swift */ = {isa = PBXFileReference; fileEncoding = 4; lastKnownFileType = sourcecode.swift; path = RadioViewController.swift; sourceTree = "<group>"; };
		91E4783623B666EE004DA6A7 /* BandButtonViewController.swift */ = {isa = PBXFileReference; fileEncoding = 4; lastKnownFileType = sourcecode.swift; path = BandButtonViewController.swift; sourceTree = "<group>"; };
		91E4783723B666EE004DA6A7 /* DisplayViewController.swift */ = {isa = PBXFileReference; fileEncoding = 4; lastKnownFileType = sourcecode.swift; path = DisplayViewController.swift; sourceTree = "<group>"; };
		91E4783823B666EE004DA6A7 /* AntennaViewController.swift */ = {isa = PBXFileReference; fileEncoding = 4; lastKnownFileType = sourcecode.swift; path = AntennaViewController.swift; sourceTree = "<group>"; };
		91E4783923B666EE004DA6A7 /* DaxIqViewController.swift */ = {isa = PBXFileReference; fileEncoding = 4; lastKnownFileType = sourcecode.swift; path = DaxIqViewController.swift; sourceTree = "<group>"; };
		91E4783B23B666EE004DA6A7 /* WaterfallRenderer.swift */ = {isa = PBXFileReference; fileEncoding = 4; lastKnownFileType = sourcecode.swift; path = WaterfallRenderer.swift; sourceTree = "<group>"; };
		91E4783D23B666EE004DA6A7 /* Grayscale.tex */ = {isa = PBXFileReference; lastKnownFileType = file; path = Grayscale.tex; sourceTree = "<group>"; };
		91E4783E23B666EE004DA6A7 /* Dark.tex */ = {isa = PBXFileReference; lastKnownFileType = file; path = Dark.tex; sourceTree = "<group>"; };
		91E4783F23B666EE004DA6A7 /* Deuteranopia.tex */ = {isa = PBXFileReference; lastKnownFileType = file; path = Deuteranopia.tex; sourceTree = "<group>"; };
		91E4784023B666EE004DA6A7 /* TimeLayer.swift */ = {isa = PBXFileReference; fileEncoding = 4; lastKnownFileType = sourcecode.swift; path = TimeLayer.swift; sourceTree = "<group>"; };
		91E4784123B666EE004DA6A7 /* Basic.tex */ = {isa = PBXFileReference; lastKnownFileType = file; path = Basic.tex; sourceTree = "<group>"; };
		91E4784223B666EE004DA6A7 /* Purple.tex */ = {isa = PBXFileReference; lastKnownFileType = file; path = Purple.tex; sourceTree = "<group>"; };
		91E4784323B666EE004DA6A7 /* Tritanopia.tex */ = {isa = PBXFileReference; lastKnownFileType = file; path = Tritanopia.tex; sourceTree = "<group>"; };
		91E4784423B666EE004DA6A7 /* WaterfallViewController.swift */ = {isa = PBXFileReference; fileEncoding = 4; lastKnownFileType = sourcecode.swift; path = WaterfallViewController.swift; sourceTree = "<group>"; };
		91E4784523B666EE004DA6A7 /* WaterfallShaders.metal */ = {isa = PBXFileReference; fileEncoding = 4; lastKnownFileType = sourcecode.metal; path = WaterfallShaders.metal; sourceTree = "<group>"; };
		91E4784623B666EE004DA6A7 /* Assets.xcassets */ = {isa = PBXFileReference; lastKnownFileType = folder.assetcatalog; path = Assets.xcassets; sourceTree = "<group>"; };
		91E4784823B666EE004DA6A7 /* SideViewController.swift */ = {isa = PBXFileReference; fileEncoding = 4; lastKnownFileType = sourcecode.swift; path = SideViewController.swift; sourceTree = "<group>"; };
		91E4784923B666EE004DA6A7 /* CWViewController.swift */ = {isa = PBXFileReference; fileEncoding = 4; lastKnownFileType = sourcecode.swift; path = CWViewController.swift; sourceTree = "<group>"; };
		91E4784A23B666EE004DA6A7 /* EqViewController.swift */ = {isa = PBXFileReference; fileEncoding = 4; lastKnownFileType = sourcecode.swift; path = EqViewController.swift; sourceTree = "<group>"; };
		91E4784B23B666EE004DA6A7 /* PCWViewController.swift */ = {isa = PBXFileReference; fileEncoding = 4; lastKnownFileType = sourcecode.swift; path = PCWViewController.swift; sourceTree = "<group>"; };
		91E4784C23B666EE004DA6A7 /* TxViewController.swift */ = {isa = PBXFileReference; fileEncoding = 4; lastKnownFileType = sourcecode.swift; path = TxViewController.swift; sourceTree = "<group>"; };
		91E4784D23B666EE004DA6A7 /* PhoneViewController.swift */ = {isa = PBXFileReference; fileEncoding = 4; lastKnownFileType = sourcecode.swift; path = PhoneViewController.swift; sourceTree = "<group>"; };
		91E4785E23B666EE004DA6A7 /* DspViewController.swift */ = {isa = PBXFileReference; fileEncoding = 4; lastKnownFileType = sourcecode.swift; path = DspViewController.swift; sourceTree = "<group>"; };
		91E4785F23B666EE004DA6A7 /* FlagViewController.swift */ = {isa = PBXFileReference; fileEncoding = 4; lastKnownFileType = sourcecode.swift; path = FlagViewController.swift; sourceTree = "<group>"; };
		91E4786023B666EE004DA6A7 /* AudioViewController.swift */ = {isa = PBXFileReference; fileEncoding = 4; lastKnownFileType = sourcecode.swift; path = AudioViewController.swift; sourceTree = "<group>"; };
		91E4786123B666EE004DA6A7 /* ControlsViewController.swift */ = {isa = PBXFileReference; fileEncoding = 4; lastKnownFileType = sourcecode.swift; path = ControlsViewController.swift; sourceTree = "<group>"; };
		91E4786223B666EE004DA6A7 /* DaxViewController.swift */ = {isa = PBXFileReference; fileEncoding = 4; lastKnownFileType = sourcecode.swift; path = DaxViewController.swift; sourceTree = "<group>"; };
		91E4786323B666EE004DA6A7 /* ModeViewController.swift */ = {isa = PBXFileReference; fileEncoding = 4; lastKnownFileType = sourcecode.swift; path = ModeViewController.swift; sourceTree = "<group>"; };
		91E4786423B666EE004DA6A7 /* XritViewController.swift */ = {isa = PBXFileReference; fileEncoding = 4; lastKnownFileType = sourcecode.swift; path = XritViewController.swift; sourceTree = "<group>"; };
		91E4786523B666EE004DA6A7 /* DbLegendView.swift */ = {isa = PBXFileReference; fileEncoding = 4; lastKnownFileType = sourcecode.swift; path = DbLegendView.swift; sourceTree = "<group>"; };
		91E4786623B666EE004DA6A7 /* PanadapterViewController.swift */ = {isa = PBXFileReference; fileEncoding = 4; lastKnownFileType = sourcecode.swift; path = PanadapterViewController.swift; sourceTree = "<group>"; };
		91E4786723B666EE004DA6A7 /* FrequencyLegendView.swift */ = {isa = PBXFileReference; fileEncoding = 4; lastKnownFileType = sourcecode.swift; path = FrequencyLegendView.swift; sourceTree = "<group>"; };
		91E4786823B666EE004DA6A7 /* PanadapterRenderer.swift */ = {isa = PBXFileReference; fileEncoding = 4; lastKnownFileType = sourcecode.swift; path = PanadapterRenderer.swift; sourceTree = "<group>"; };
		91E4786923B666EE004DA6A7 /* PanadapterShaders.metal */ = {isa = PBXFileReference; fileEncoding = 4; lastKnownFileType = sourcecode.metal; path = PanadapterShaders.metal; sourceTree = "<group>"; };
		91E4786B23B666EE004DA6A7 /* PanafallButtonView.swift */ = {isa = PBXFileReference; fileEncoding = 4; lastKnownFileType = sourcecode.swift; path = PanafallButtonView.swift; sourceTree = "<group>"; };
		91E4786C23B666EE004DA6A7 /* PanafallViewController.swift */ = {isa = PBXFileReference; fileEncoding = 4; lastKnownFileType = sourcecode.swift; path = PanafallViewController.swift; sourceTree = "<group>"; };
		91E4786D23B666EE004DA6A7 /* PanafallsViewController.swift */ = {isa = PBXFileReference; fileEncoding = 4; lastKnownFileType = sourcecode.swift; path = PanafallsViewController.swift; sourceTree = "<group>"; };
		91E4786E23B666EE004DA6A7 /* PanafallButtonViewController.swift */ = {isa = PBXFileReference; fileEncoding = 4; lastKnownFileType = sourcecode.swift; path = PanafallButtonViewController.swift; sourceTree = "<group>"; };
		91E4786F23B666EE004DA6A7 /* AppDelegate.swift */ = {isa = PBXFileReference; fileEncoding = 4; lastKnownFileType = sourcecode.swift; path = AppDelegate.swift; sourceTree = "<group>"; };
		91E4787123B666EE004DA6A7 /* ProfileViewController.swift */ = {isa = PBXFileReference; fileEncoding = 4; lastKnownFileType = sourcecode.swift; path = ProfileViewController.swift; sourceTree = "<group>"; };
		91E4787223B666EE004DA6A7 /* AppExtensions.swift */ = {isa = PBXFileReference; fileEncoding = 4; lastKnownFileType = sourcecode.swift; path = AppExtensions.swift; sourceTree = "<group>"; };
		91E4787423B666EE004DA6A7 /* Info.plist */ = {isa = PBXFileReference; fileEncoding = 4; lastKnownFileType = text.plist.xml; path = Info.plist; sourceTree = "<group>"; };
		91E4787723B666EE004DA6A7 /* Keychain.swift */ = {isa = PBXFileReference; fileEncoding = 4; lastKnownFileType = sourcecode.swift; path = Keychain.swift; sourceTree = "<group>"; };
		91E4787923B666EE004DA6A7 /* JWTDecode.swift */ = {isa = PBXFileReference; fileEncoding = 4; lastKnownFileType = sourcecode.swift; path = JWTDecode.swift; sourceTree = "<group>"; };
		91E4787A23B666EE004DA6A7 /* JWT.swift */ = {isa = PBXFileReference; fileEncoding = 4; lastKnownFileType = sourcecode.swift; path = JWT.swift; sourceTree = "<group>"; };
		91E4787B23B666EE004DA6A7 /* Errors.swift */ = {isa = PBXFileReference; fileEncoding = 4; lastKnownFileType = sourcecode.swift; path = Errors.swift; sourceTree = "<group>"; };
		91E4787D23B666EE004DA6A7 /* DictionaryExtensions.swift */ = {isa = PBXFileReference; fileEncoding = 4; lastKnownFileType = sourcecode.swift; path = DictionaryExtensions.swift; sourceTree = "<group>"; };
		91E4787E23B666EE004DA6A7 /* DataExtensions.swift */ = {isa = PBXFileReference; fileEncoding = 4; lastKnownFileType = sourcecode.swift; path = DataExtensions.swift; sourceTree = "<group>"; };
		91E4787F23B666EE004DA6A7 /* StringExtensions.swift */ = {isa = PBXFileReference; fileEncoding = 4; lastKnownFileType = sourcecode.swift; path = StringExtensions.swift; sourceTree = "<group>"; };
		91E4788023B666EE004DA6A7 /* URLSessionExtensions.swift */ = {isa = PBXFileReference; fileEncoding = 4; lastKnownFileType = sourcecode.swift; path = URLSessionExtensions.swift; sourceTree = "<group>"; };
		91E4788223B666EE004DA6A7 /* Auth0ViewController.swift */ = {isa = PBXFileReference; fileEncoding = 4; lastKnownFileType = sourcecode.swift; path = Auth0ViewController.swift; sourceTree = "<group>"; };
		91E4788323B666EE004DA6A7 /* WANRadioPickerViewController.swift */ = {isa = PBXFileReference; fileEncoding = 4; lastKnownFileType = sourcecode.swift; path = WANRadioPickerViewController.swift; sourceTree = "<group>"; };
		91E4788423B666EE004DA6A7 /* LANRadioPickerViewController.swift */ = {isa = PBXFileReference; fileEncoding = 4; lastKnownFileType = sourcecode.swift; path = LANRadioPickerViewController.swift; sourceTree = "<group>"; };
		91E4788623B666EE004DA6A7 /* HelpViewController.swift */ = {isa = PBXFileReference; fileEncoding = 4; lastKnownFileType = sourcecode.swift; path = HelpViewController.swift; sourceTree = "<group>"; };
		91E4791123B68C7D004DA6A7 /* RingBuffer.mm */ = {isa = PBXFileReference; fileEncoding = 4; lastKnownFileType = sourcecode.cpp.objcpp; path = RingBuffer.mm; sourceTree = "<group>"; };
		91E4791223B68C7D004DA6A7 /* CABitOperations.h */ = {isa = PBXFileReference; fileEncoding = 4; lastKnownFileType = sourcecode.c.h; path = CABitOperations.h; sourceTree = "<group>"; };
		91E4791323B68C7D004DA6A7 /* CAAtomic.h */ = {isa = PBXFileReference; fileEncoding = 4; lastKnownFileType = sourcecode.c.h; path = CAAtomic.h; sourceTree = "<group>"; };
		91E4791423B68C7D004DA6A7 /* CARingBuffer.cpp */ = {isa = PBXFileReference; fileEncoding = 4; lastKnownFileType = sourcecode.cpp.cpp; path = CARingBuffer.cpp; sourceTree = "<group>"; };
		91E4791523B68C7D004DA6A7 /* RingBuffer.h */ = {isa = PBXFileReference; fileEncoding = 4; lastKnownFileType = sourcecode.c.h; path = RingBuffer.h; sourceTree = "<group>"; };
		91E4791623B68C7D004DA6A7 /* CAAutoDisposer.h */ = {isa = PBXFileReference; fileEncoding = 4; lastKnownFileType = sourcecode.c.h; path = CAAutoDisposer.h; sourceTree = "<group>"; };
		91E4792123B69A2A004DA6A7 /* Base */ = {isa = PBXFileReference; lastKnownFileType = file.storyboard; name = Base; path = Preferences.storyboard; sourceTree = "<group>"; };
		91E4792323B69A2A004DA6A7 /* Base */ = {isa = PBXFileReference; lastKnownFileType = file.storyboard; name = Base; path = Panafall.storyboard; sourceTree = "<group>"; };
		91E4792523B69A2A004DA6A7 /* Base */ = {isa = PBXFileReference; lastKnownFileType = file.storyboard; name = Base; path = Side.storyboard; sourceTree = "<group>"; };
		91E4792723B69A2A004DA6A7 /* Base */ = {isa = PBXFileReference; lastKnownFileType = file.storyboard; name = Base; path = RadioPicker.storyboard; sourceTree = "<group>"; };
		91E4792923B69A2A004DA6A7 /* Base */ = {isa = PBXFileReference; lastKnownFileType = file.storyboard; name = Base; path = Main.storyboard; sourceTree = "<group>"; };
		91E4792B23B69A2A004DA6A7 /* Base */ = {isa = PBXFileReference; lastKnownFileType = file.storyboard; name = Base; path = Flag.storyboard; sourceTree = "<group>"; };
		91E4792D23B69A2A004DA6A7 /* Base */ = {isa = PBXFileReference; lastKnownFileType = file.storyboard; name = Base; path = Profiles.storyboard; sourceTree = "<group>"; };
/* End PBXFileReference section */

/* Begin PBXFrameworksBuildPhase section */
		91E477EE23B66661004DA6A7 /* Frameworks */ = {
			isa = PBXFrameworksBuildPhase;
			buildActionMask = 2147483647;
			files = (
				91E4791A23B691B0004DA6A7 /* OpusOSX.framework in Frameworks */,
				91E4790323B667BE004DA6A7 /* SwiftyUserDefaults in Frameworks */,
				917AAA7A23D53FD90082FAEB /* ObjcExceptionBridging in Frameworks */,
				917AAA7C23D53FD90082FAEB /* XCGLogger in Frameworks */,
				9164EE5523DDDA6500086338 /* xLib6000 in Frameworks */,
			);
			runOnlyForDeploymentPostprocessing = 0;
		};
/* End PBXFrameworksBuildPhase section */

/* Begin PBXGroup section */
		91E477E823B66661004DA6A7 = {
			isa = PBXGroup;
			children = (
				91B1D24F241FCFB700A7B5E4 /* Package.resolved */,
				91B1D24B241FC4DD00A7B5E4 /* project.xcworkspace */,
				918725A223D64402009B63A3 /* ChangeLog.txt */,
				919614F623D28F8F0069AE94 /* README.md */,
				91E4780523B666ED004DA6A7 /* OpusOSX.framework */,
				91E4780723B666EE004DA6A7 /* xSDR6000 */,
				91E477F223B66661004DA6A7 /* Products */,
				91E4790823B6683C004DA6A7 /* Frameworks */,
			);
			sourceTree = "<group>";
		};
		91E477F223B66661004DA6A7 /* Products */ = {
			isa = PBXGroup;
			children = (
				91E477F123B66661004DA6A7 /* xSDR6000.app */,
			);
			name = Products;
			sourceTree = "<group>";
		};
		91E4780723B666EE004DA6A7 /* xSDR6000 */ = {
			isa = PBXGroup;
			children = (
				919614F423D28DB50069AE94 /* xSDR6000-Bridging-Header.h */,
				919614F523D28DB50069AE94 /* xSDR6000.entitlements */,
				91E4784623B666EE004DA6A7 /* Assets.xcassets */,
				91E4791F23B69A2A004DA6A7 /* Base.lproj */,
				91E4787423B666EE004DA6A7 /* Info.plist */,
				91E4786F23B666EE004DA6A7 /* AppDelegate.swift */,
				91E4787223B666EE004DA6A7 /* AppExtensions.swift */,
				91E4783223B666EE004DA6A7 /* Radio */,
				91E4786A23B666EE004DA6A7 /* Panafall */,
				91E4785C23B666EE004DA6A7 /* Panadapter */,
				91E4783A23B666EE004DA6A7 /* Waterfall */,
				91E4780823B666EE004DA6A7 /* Misc */,
				91E4782223B666EE004DA6A7 /* Documentation */,
				91E4782523B666EE004DA6A7 /* Preferences */,
				91E4783523B666EE004DA6A7 /* Buttons */,
				91E4784723B666EE004DA6A7 /* Side */,
				91E4787023B666EE004DA6A7 /* Profiles */,
				91E4787523B666EE004DA6A7 /* CommonClientCode */,
				91E4788523B666EE004DA6A7 /* Help */,
			);
			path = xSDR6000;
			sourceTree = "<group>";
		};
		91E4780823B666EE004DA6A7 /* Misc */ = {
			isa = PBXGroup;
			children = (
				91E4780923B666EE004DA6A7 /* AudioHelper.swift */,
				91E4780A23B666EE004DA6A7 /* RingBuffer */,
				91E4781723B666EE004DA6A7 /* Band.swift */,
				91E4781823B666EE004DA6A7 /* Filters.xml */,
				91E4781923B666EE004DA6A7 /* Defaults.plist */,
				91E4781A23B666EE004DA6A7 /* LevelIndicator */,
				91E4781D23B666EE004DA6A7 /* OpusEncode.swift */,
				91E4781E23B666EE004DA6A7 /* BandSegments.plist */,
				91E4781F23B666EE004DA6A7 /* Filters.plist */,
				91E4782023B666EE004DA6A7 /* OpusPlayer.swift */,
				91E4782123B666EE004DA6A7 /* ParameterMonitor.swift */,
				919F57DB24109324001956B0 /* Logger.swift */,
			);
			path = Misc;
			sourceTree = "<group>";
		};
		91E4780A23B666EE004DA6A7 /* RingBuffer */ = {
			isa = PBXGroup;
			children = (
				91E4791323B68C7D004DA6A7 /* CAAtomic.h */,
				91E4791623B68C7D004DA6A7 /* CAAutoDisposer.h */,
				91E4791223B68C7D004DA6A7 /* CABitOperations.h */,
				91E4791423B68C7D004DA6A7 /* CARingBuffer.cpp */,
				91E4791523B68C7D004DA6A7 /* RingBuffer.h */,
				91E4791123B68C7D004DA6A7 /* RingBuffer.mm */,
				91E4780C23B666EE004DA6A7 /* TPCircularBuffer.h */,
				91E4780D23B666EE004DA6A7 /* TPCircularBuffer+AudioBufferList.c */,
				91E4780F23B666EE004DA6A7 /* README.markdown */,
				91E4781023B666EE004DA6A7 /* TPCircularBuffer.c */,
				91E4781123B666EE004DA6A7 /* CARingBuffer.h */,
				91E4781523B666EE004DA6A7 /* TPCircularBuffer+AudioBufferList.h */,
			);
			path = RingBuffer;
			sourceTree = "<group>";
		};
		91E4781A23B666EE004DA6A7 /* LevelIndicator */ = {
			isa = PBXGroup;
			children = (
				91E4781B23B666EE004DA6A7 /* LevelIndicator.swift */,
				91E4781C23B666EE004DA6A7 /* BarView.swift */,
			);
			path = LevelIndicator;
			sourceTree = "<group>";
		};
		91E4782223B666EE004DA6A7 /* Documentation */ = {
			isa = PBXGroup;
			children = (
				91E4782323B666EE004DA6A7 /* xSDR6000.pages */,
				91E4782423B666EE004DA6A7 /* xSDR6000.pdf */,
			);
			path = Documentation;
			sourceTree = "<group>";
		};
		91E4782523B666EE004DA6A7 /* Preferences */ = {
			isa = PBXGroup;
			children = (
				91E4782623B666EE004DA6A7 /* PCWPrefsViewController.swift */,
				91E4782723B666EE004DA6A7 /* GpsPrefsViewController.swift */,
				91E4782823B666EE004DA6A7 /* RxPrefsViewController.swift */,
				91E4782923B666EE004DA6A7 /* ColorsPrefsViewController.swift */,
				91E4782A23B666EE004DA6A7 /* XvtrPrefsViewController.swift */,
				91E4782B23B666EE004DA6A7 /* FiltersPrefsViewController.swift */,
				91E4782C23B666EE004DA6A7 /* PreferencesTabViewController.swift */,
				91E4782D23B666EE004DA6A7 /* InfoPrefsViewController.swift */,
				91E4782E23B666EE004DA6A7 /* RadioPrefsViewController.swift */,
				91E4782F23B666EE004DA6A7 /* NetworkPrefsViewController.swift */,
				91E4783023B666EE004DA6A7 /* TXPrefsViewController.swift */,
			);
			path = Preferences;
			sourceTree = "<group>";
		};
		91E4783223B666EE004DA6A7 /* Radio */ = {
			isa = PBXGroup;
			children = (
				91E4783323B666EE004DA6A7 /* MainWindowController.swift */,
				91E4783423B666EE004DA6A7 /* RadioViewController.swift */,
			);
			path = Radio;
			sourceTree = "<group>";
		};
		91E4783523B666EE004DA6A7 /* Buttons */ = {
			isa = PBXGroup;
			children = (
				91E4783623B666EE004DA6A7 /* BandButtonViewController.swift */,
				91E4783723B666EE004DA6A7 /* DisplayViewController.swift */,
				91E4783823B666EE004DA6A7 /* AntennaViewController.swift */,
				91E4783923B666EE004DA6A7 /* DaxIqViewController.swift */,
			);
			path = Buttons;
			sourceTree = "<group>";
		};
		91E4783A23B666EE004DA6A7 /* Waterfall */ = {
			isa = PBXGroup;
			children = (
				91E4783B23B666EE004DA6A7 /* WaterfallRenderer.swift */,
				91E4783C23B666EE004DA6A7 /* Gradients */,
				91E4784423B666EE004DA6A7 /* WaterfallViewController.swift */,
				91E4784523B666EE004DA6A7 /* WaterfallShaders.metal */,
			);
			path = Waterfall;
			sourceTree = "<group>";
		};
		91E4783C23B666EE004DA6A7 /* Gradients */ = {
			isa = PBXGroup;
			children = (
				91E4783D23B666EE004DA6A7 /* Grayscale.tex */,
				91E4783E23B666EE004DA6A7 /* Dark.tex */,
				91E4783F23B666EE004DA6A7 /* Deuteranopia.tex */,
				91E4784023B666EE004DA6A7 /* TimeLayer.swift */,
				91E4784123B666EE004DA6A7 /* Basic.tex */,
				91E4784223B666EE004DA6A7 /* Purple.tex */,
				91E4784323B666EE004DA6A7 /* Tritanopia.tex */,
			);
			path = Gradients;
			sourceTree = "<group>";
		};
		91E4784723B666EE004DA6A7 /* Side */ = {
			isa = PBXGroup;
			children = (
				91E4784823B666EE004DA6A7 /* SideViewController.swift */,
				91E4784923B666EE004DA6A7 /* CWViewController.swift */,
				91E4784A23B666EE004DA6A7 /* EqViewController.swift */,
				91E4784B23B666EE004DA6A7 /* PCWViewController.swift */,
				91E4784C23B666EE004DA6A7 /* TxViewController.swift */,
				91E4784D23B666EE004DA6A7 /* PhoneViewController.swift */,
			);
			path = Side;
			sourceTree = "<group>";
		};
		91E4785C23B666EE004DA6A7 /* Panadapter */ = {
			isa = PBXGroup;
			children = (
				91E4785D23B666EE004DA6A7 /* Flag */,
				91E4786523B666EE004DA6A7 /* DbLegendView.swift */,
				91E4786623B666EE004DA6A7 /* PanadapterViewController.swift */,
				91E4786723B666EE004DA6A7 /* FrequencyLegendView.swift */,
				91E4786823B666EE004DA6A7 /* PanadapterRenderer.swift */,
				91E4786923B666EE004DA6A7 /* PanadapterShaders.metal */,
			);
			path = Panadapter;
			sourceTree = "<group>";
		};
		91E4785D23B666EE004DA6A7 /* Flag */ = {
			isa = PBXGroup;
			children = (
				91E4785E23B666EE004DA6A7 /* DspViewController.swift */,
				91E4785F23B666EE004DA6A7 /* FlagViewController.swift */,
				91E4786023B666EE004DA6A7 /* AudioViewController.swift */,
				91E4786123B666EE004DA6A7 /* ControlsViewController.swift */,
				91E4786223B666EE004DA6A7 /* DaxViewController.swift */,
				91E4786323B666EE004DA6A7 /* ModeViewController.swift */,
				91E4786423B666EE004DA6A7 /* XritViewController.swift */,
			);
			path = Flag;
			sourceTree = "<group>";
		};
		91E4786A23B666EE004DA6A7 /* Panafall */ = {
			isa = PBXGroup;
			children = (
				91E4786B23B666EE004DA6A7 /* PanafallButtonView.swift */,
				91E4786C23B666EE004DA6A7 /* PanafallViewController.swift */,
				91E4786D23B666EE004DA6A7 /* PanafallsViewController.swift */,
				91E4786E23B666EE004DA6A7 /* PanafallButtonViewController.swift */,
			);
			path = Panafall;
			sourceTree = "<group>";
		};
		91E4787023B666EE004DA6A7 /* Profiles */ = {
			isa = PBXGroup;
			children = (
				91E4787123B666EE004DA6A7 /* ProfileViewController.swift */,
			);
			path = Profiles;
			sourceTree = "<group>";
		};
		91E4787523B666EE004DA6A7 /* CommonClientCode */ = {
			isa = PBXGroup;
			children = (
				91E4787623B666EE004DA6A7 /* Misc */,
				91E4787C23B666EE004DA6A7 /* Extensions */,
				91E4788123B666EE004DA6A7 /* RadioPicker */,
			);
			path = CommonClientCode;
			sourceTree = "<group>";
		};
		91E4787623B666EE004DA6A7 /* Misc */ = {
			isa = PBXGroup;
			children = (
				91E4787723B666EE004DA6A7 /* Keychain.swift */,
				91E4787823B666EE004DA6A7 /* JWTDecode */,
			);
			path = Misc;
			sourceTree = "<group>";
		};
		91E4787823B666EE004DA6A7 /* JWTDecode */ = {
			isa = PBXGroup;
			children = (
				91E4787923B666EE004DA6A7 /* JWTDecode.swift */,
				91E4787A23B666EE004DA6A7 /* JWT.swift */,
				91E4787B23B666EE004DA6A7 /* Errors.swift */,
			);
			path = JWTDecode;
			sourceTree = "<group>";
		};
		91E4787C23B666EE004DA6A7 /* Extensions */ = {
			isa = PBXGroup;
			children = (
				91E4787D23B666EE004DA6A7 /* DictionaryExtensions.swift */,
				91E4787E23B666EE004DA6A7 /* DataExtensions.swift */,
				91E4787F23B666EE004DA6A7 /* StringExtensions.swift */,
				91E4788023B666EE004DA6A7 /* URLSessionExtensions.swift */,
			);
			path = Extensions;
			sourceTree = "<group>";
		};
		91E4788123B666EE004DA6A7 /* RadioPicker */ = {
			isa = PBXGroup;
			children = (
				91E4788223B666EE004DA6A7 /* Auth0ViewController.swift */,
				91E4788323B666EE004DA6A7 /* WANRadioPickerViewController.swift */,
				91E4788423B666EE004DA6A7 /* LANRadioPickerViewController.swift */,
			);
			path = RadioPicker;
			sourceTree = "<group>";
		};
		91E4788523B666EE004DA6A7 /* Help */ = {
			isa = PBXGroup;
			children = (
				91E4788623B666EE004DA6A7 /* HelpViewController.swift */,
			);
			path = Help;
			sourceTree = "<group>";
		};
		91E4790823B6683C004DA6A7 /* Frameworks */ = {
			isa = PBXGroup;
			children = (
			);
			name = Frameworks;
			sourceTree = "<group>";
		};
		91E4791F23B69A2A004DA6A7 /* Base.lproj */ = {
			isa = PBXGroup;
			children = (
				91E4792023B69A2A004DA6A7 /* Preferences.storyboard */,
				91E4792223B69A2A004DA6A7 /* Panafall.storyboard */,
				91E4792423B69A2A004DA6A7 /* Side.storyboard */,
				91E4792623B69A2A004DA6A7 /* RadioPicker.storyboard */,
				91E4792823B69A2A004DA6A7 /* Main.storyboard */,
				91E4792A23B69A2A004DA6A7 /* Flag.storyboard */,
				91E4792C23B69A2A004DA6A7 /* Profiles.storyboard */,
			);
			path = Base.lproj;
			sourceTree = "<group>";
		};
/* End PBXGroup section */

/* Begin PBXNativeTarget section */
		91E477F023B66661004DA6A7 /* xSDR6000 */ = {
			isa = PBXNativeTarget;
			buildConfigurationList = 91E4780123B66661004DA6A7 /* Build configuration list for PBXNativeTarget "xSDR6000" */;
			buildPhases = (
				91E477ED23B66661004DA6A7 /* Sources */,
				91E477EE23B66661004DA6A7 /* Frameworks */,
				91B1D24E241FC72000A7B5E4 /* ShellScript */,
				91E477EF23B66661004DA6A7 /* Resources */,
				91E4791C23B691B0004DA6A7 /* Embed Frameworks */,
				910DBC6723F10FE700052637 /* ShellScript */,
			);
			buildRules = (
			);
			dependencies = (
			);
			name = xSDR6000;
			packageProductDependencies = (
				91E4790223B667BE004DA6A7 /* SwiftyUserDefaults */,
				917AAA7923D53FD90082FAEB /* ObjcExceptionBridging */,
				917AAA7B23D53FD90082FAEB /* XCGLogger */,
				9164EE5423DDDA6500086338 /* xLib6000 */,
			);
			productName = xSDR6000;
			productReference = 91E477F123B66661004DA6A7 /* xSDR6000.app */;
			productType = "com.apple.product-type.application";
		};
/* End PBXNativeTarget section */

/* Begin PBXProject section */
		91E477E923B66661004DA6A7 /* Project object */ = {
			isa = PBXProject;
			attributes = {
				LastSwiftUpdateCheck = 1130;
				LastUpgradeCheck = 1130;
				ORGANIZATIONNAME = "Douglas Adams";
				TargetAttributes = {
					91E477F023B66661004DA6A7 = {
						CreatedOnToolsVersion = 11.3;
					};
				};
			};
			buildConfigurationList = 91E477EC23B66661004DA6A7 /* Build configuration list for PBXProject "xSDR6000" */;
			compatibilityVersion = "Xcode 9.3";
			developmentRegion = en;
			hasScannedForEncodings = 0;
			knownRegions = (
				en,
				Base,
			);
			mainGroup = 91E477E823B66661004DA6A7;
			packageReferences = (
				91E4790123B667BE004DA6A7 /* XCRemoteSwiftPackageReference "SwiftyUserDefaults" */,
				917AAA7823D53FD90082FAEB /* XCRemoteSwiftPackageReference "XCGLogger" */,
				9164EE5323DDDA6500086338 /* XCRemoteSwiftPackageReference "xLib6000" */,
			);
			productRefGroup = 91E477F223B66661004DA6A7 /* Products */;
			projectDirPath = "";
			projectRoot = "";
			targets = (
				91E477F023B66661004DA6A7 /* xSDR6000 */,
			);
		};
/* End PBXProject section */

/* Begin PBXResourcesBuildPhase section */
		91E477EF23B66661004DA6A7 /* Resources */ = {
			isa = PBXResourcesBuildPhase;
			buildActionMask = 2147483647;
			files = (
				9113A699242663C100D3C63C /* Package.resolved in Resources */,
				91E4793223B69A2A004DA6A7 /* Main.storyboard in Resources */,
				91E4793123B69A2A004DA6A7 /* RadioPicker.storyboard in Resources */,
				91E4793323B69A2A004DA6A7 /* Flag.storyboard in Resources */,
				91E4789723B666EE004DA6A7 /* Filters.plist in Resources */,
				91E478B223B666EE004DA6A7 /* Basic.tex in Resources */,
				91E4789B23B666EE004DA6A7 /* xSDR6000.pdf in Resources */,
				91E4793023B69A2A004DA6A7 /* Side.storyboard in Resources */,
				919614F723D28F8F0069AE94 /* README.md in Resources */,
				918725A323D64402009B63A3 /* ChangeLog.txt in Resources */,
				91E478B323B666EE004DA6A7 /* Purple.tex in Resources */,
				91E478B023B666EE004DA6A7 /* Deuteranopia.tex in Resources */,
				91E4792E23B69A2A004DA6A7 /* Preferences.storyboard in Resources */,
				91E4789A23B666EE004DA6A7 /* xSDR6000.pages in Resources */,
				91E478AE23B666EE004DA6A7 /* Grayscale.tex in Resources */,
				91E4789223B666EE004DA6A7 /* Defaults.plist in Resources */,
				91E4789623B666EE004DA6A7 /* BandSegments.plist in Resources */,
				91E4788C23B666EE004DA6A7 /* README.markdown in Resources */,
				91E478B423B666EE004DA6A7 /* Tritanopia.tex in Resources */,
				91E4793423B69A2A004DA6A7 /* Profiles.storyboard in Resources */,
				91E478AF23B666EE004DA6A7 /* Dark.tex in Resources */,
				91E4792F23B69A2A004DA6A7 /* Panafall.storyboard in Resources */,
				91E478B723B666EE004DA6A7 /* Assets.xcassets in Resources */,
				91E4789123B666EE004DA6A7 /* Filters.xml in Resources */,
			);
			runOnlyForDeploymentPostprocessing = 0;
		};
/* End PBXResourcesBuildPhase section */

/* Begin PBXShellScriptBuildPhase section */
		910DBC6723F10FE700052637 /* ShellScript */ = {
			isa = PBXShellScriptBuildPhase;
			buildActionMask = 2147483647;
			files = (
			);
			inputFileListPaths = (
			);
			inputPaths = (
			);
			outputFileListPaths = (
			);
			outputPaths = (
			);
			runOnlyForDeploymentPostprocessing = 0;
			shellPath = /bin/sh;
			shellScript = "#!/bin/sh\n\n# To make executable, use: chmod u+x Build-Versioning-Scripts/Increment_Build_Number.sh\n# to locate your target's info.plist use\n# ${PRODUCT_SETTINGS_PATH}\n\necho \"----\"\necho \"Info.plist for target: ${PRODUCT_SETTINGS_PATH}\"\n\nbuildNum=$(/usr/libexec/Plistbuddy -c \"Print CFBundleVersion\" \"${PRODUCT_SETTINGS_PATH}\")\necho \"Current build #: $buildNum\"\n\nif [ -z \"$buildNum\" ]; then\necho \"No build number found in $PRODUCT_SETTINGS_PATH\"\nexit 2\nfi\n\nbuildNum=$(expr $buildNum + 1)\necho \"Build # incremented to: $buildNum\"\n/usr/libexec/PlistBuddy -c \"Set :CFBundleVersion $buildNum\" \"$PRODUCT_SETTINGS_PATH\"\necho \"----\"\nexit 0\n";
		};
		91B1D24E241FC72000A7B5E4 /* ShellScript */ = {
			isa = PBXShellScriptBuildPhase;
			buildActionMask = 2147483647;
			files = (
			);
			inputFileListPaths = (
			);
			inputPaths = (
			);
			outputFileListPaths = (
			);
			outputPaths = (
			);
			runOnlyForDeploymentPostprocessing = 0;
			shellPath = /bin/sh;
			shellScript = "echo \\\"Source: ${PROJECT_DIR}/xSDR6000.xcodeproj/project.xcworkspace/xcshareddata/swiftpm/Package.resolved\"\necho \\\"Destination: ${PROJECT_DIR}/Package.resolved\\\"\ncp \"${PROJECT_DIR}/xSDR6000.xcodeproj/project.xcworkspace/xcshareddata/swiftpm/Package.resolved\\\" \\\"${PROJECT_DIR}/Package.resolved\\\"\n";
		};
/* End PBXShellScriptBuildPhase section */

/* Begin PBXSourcesBuildPhase section */
		91E477ED23B66661004DA6A7 /* Sources */ = {
			isa = PBXSourcesBuildPhase;
			buildActionMask = 2147483647;
			files = (
				91E478B123B666EE004DA6A7 /* TimeLayer.swift in Sources */,
				91E478CB23B666EE004DA6A7 /* XritViewController.swift in Sources */,
				91E4789423B666EE004DA6A7 /* BarView.swift in Sources */,
				91E478A723B666EE004DA6A7 /* MainWindowController.swift in Sources */,
				91E478B623B666EE004DA6A7 /* WaterfallShaders.metal in Sources */,
				91E478DB23B666EE004DA6A7 /* JWT.swift in Sources */,
				91E4791823B68C7D004DA6A7 /* CARingBuffer.cpp in Sources */,
				91E478AC23B666EE004DA6A7 /* DaxIqViewController.swift in Sources */,
				91E478D323B666EE004DA6A7 /* PanafallsViewController.swift in Sources */,
				91E478D923B666EE004DA6A7 /* Keychain.swift in Sources */,
				91E478CF23B666EE004DA6A7 /* PanadapterRenderer.swift in Sources */,
				91E478B823B666EE004DA6A7 /* SideViewController.swift in Sources */,
				91E478A823B666EE004DA6A7 /* RadioViewController.swift in Sources */,
				91E4789023B666EE004DA6A7 /* Band.swift in Sources */,
				91E478AB23B666EE004DA6A7 /* AntennaViewController.swift in Sources */,
				91E478D123B666EE004DA6A7 /* PanafallButtonView.swift in Sources */,
				91E478D423B666EE004DA6A7 /* PanafallButtonViewController.swift in Sources */,
				91E478C923B666EE004DA6A7 /* DaxViewController.swift in Sources */,
				91E4788D23B666EE004DA6A7 /* TPCircularBuffer.c in Sources */,
				91E478A423B666EE004DA6A7 /* RadioPrefsViewController.swift in Sources */,
				91E478D023B666EE004DA6A7 /* PanadapterShaders.metal in Sources */,
				91E4788A23B666EE004DA6A7 /* AudioHelper.swift in Sources */,
				91E478CD23B666EE004DA6A7 /* PanadapterViewController.swift in Sources */,
				91E478C623B666EE004DA6A7 /* FlagViewController.swift in Sources */,
				91E478BC23B666EE004DA6A7 /* TxViewController.swift in Sources */,
				919F57DC24109324001956B0 /* Logger.swift in Sources */,
				91E478DF23B666EE004DA6A7 /* StringExtensions.swift in Sources */,
				91E478B923B666EE004DA6A7 /* CWViewController.swift in Sources */,
				91E478A923B666EE004DA6A7 /* BandButtonViewController.swift in Sources */,
				91E478A523B666EE004DA6A7 /* NetworkPrefsViewController.swift in Sources */,
				91E478BB23B666EE004DA6A7 /* PCWViewController.swift in Sources */,
				91E4789C23B666EE004DA6A7 /* PCWPrefsViewController.swift in Sources */,
				91E478D223B666EE004DA6A7 /* PanafallViewController.swift in Sources */,
				91E478C723B666EE004DA6A7 /* AudioViewController.swift in Sources */,
				91E478DE23B666EE004DA6A7 /* DataExtensions.swift in Sources */,
				91E478CC23B666EE004DA6A7 /* DbLegendView.swift in Sources */,
				91E4788B23B666EE004DA6A7 /* TPCircularBuffer+AudioBufferList.c in Sources */,
				91E478E323B666EE004DA6A7 /* LANRadioPickerViewController.swift in Sources */,
				91E478A623B666EE004DA6A7 /* TXPrefsViewController.swift in Sources */,
				91E478D523B666EE004DA6A7 /* AppDelegate.swift in Sources */,
				91E478DA23B666EE004DA6A7 /* JWTDecode.swift in Sources */,
				91E4789923B666EE004DA6A7 /* ParameterMonitor.swift in Sources */,
				91E478C523B666EE004DA6A7 /* DspViewController.swift in Sources */,
				91E4789E23B666EE004DA6A7 /* RxPrefsViewController.swift in Sources */,
				91E478E223B666EE004DA6A7 /* WANRadioPickerViewController.swift in Sources */,
				91E4789F23B666EE004DA6A7 /* ColorsPrefsViewController.swift in Sources */,
				91E478D723B666EE004DA6A7 /* AppExtensions.swift in Sources */,
				91E478CE23B666EE004DA6A7 /* FrequencyLegendView.swift in Sources */,
				91E478BD23B666EE004DA6A7 /* PhoneViewController.swift in Sources */,
				91E478E023B666EE004DA6A7 /* URLSessionExtensions.swift in Sources */,
				91E478DD23B666EE004DA6A7 /* DictionaryExtensions.swift in Sources */,
				91E478DC23B666EE004DA6A7 /* Errors.swift in Sources */,
				91E478AA23B666EE004DA6A7 /* DisplayViewController.swift in Sources */,
				91E478A023B666EE004DA6A7 /* XvtrPrefsViewController.swift in Sources */,
				91E478B523B666EE004DA6A7 /* WaterfallViewController.swift in Sources */,
				91E478A323B666EE004DA6A7 /* InfoPrefsViewController.swift in Sources */,
				91E478BA23B666EE004DA6A7 /* EqViewController.swift in Sources */,
				91E478D623B666EE004DA6A7 /* ProfileViewController.swift in Sources */,
				91E478CA23B666EE004DA6A7 /* ModeViewController.swift in Sources */,
				91E4789823B666EE004DA6A7 /* OpusPlayer.swift in Sources */,
				91E478A223B666EE004DA6A7 /* PreferencesTabViewController.swift in Sources */,
				91E4791723B68C7D004DA6A7 /* RingBuffer.mm in Sources */,
				91E478E123B666EE004DA6A7 /* Auth0ViewController.swift in Sources */,
				91E478A123B666EE004DA6A7 /* FiltersPrefsViewController.swift in Sources */,
				91E478AD23B666EE004DA6A7 /* WaterfallRenderer.swift in Sources */,
				91E478C823B666EE004DA6A7 /* ControlsViewController.swift in Sources */,
				91E4789323B666EE004DA6A7 /* LevelIndicator.swift in Sources */,
				91E4789D23B666EE004DA6A7 /* GpsPrefsViewController.swift in Sources */,
				91E478E423B666EE004DA6A7 /* HelpViewController.swift in Sources */,
				91E4789523B666EE004DA6A7 /* OpusEncode.swift in Sources */,
			);
			runOnlyForDeploymentPostprocessing = 0;
		};
/* End PBXSourcesBuildPhase section */

/* Begin PBXVariantGroup section */
		91E4792023B69A2A004DA6A7 /* Preferences.storyboard */ = {
			isa = PBXVariantGroup;
			children = (
				91E4792123B69A2A004DA6A7 /* Base */,
			);
			name = Preferences.storyboard;
			sourceTree = "<group>";
		};
		91E4792223B69A2A004DA6A7 /* Panafall.storyboard */ = {
			isa = PBXVariantGroup;
			children = (
				91E4792323B69A2A004DA6A7 /* Base */,
			);
			name = Panafall.storyboard;
			sourceTree = "<group>";
		};
		91E4792423B69A2A004DA6A7 /* Side.storyboard */ = {
			isa = PBXVariantGroup;
			children = (
				91E4792523B69A2A004DA6A7 /* Base */,
			);
			name = Side.storyboard;
			sourceTree = "<group>";
		};
		91E4792623B69A2A004DA6A7 /* RadioPicker.storyboard */ = {
			isa = PBXVariantGroup;
			children = (
				91E4792723B69A2A004DA6A7 /* Base */,
			);
			name = RadioPicker.storyboard;
			sourceTree = "<group>";
		};
		91E4792823B69A2A004DA6A7 /* Main.storyboard */ = {
			isa = PBXVariantGroup;
			children = (
				91E4792923B69A2A004DA6A7 /* Base */,
			);
			name = Main.storyboard;
			sourceTree = "<group>";
		};
		91E4792A23B69A2A004DA6A7 /* Flag.storyboard */ = {
			isa = PBXVariantGroup;
			children = (
				91E4792B23B69A2A004DA6A7 /* Base */,
			);
			name = Flag.storyboard;
			sourceTree = "<group>";
		};
		91E4792C23B69A2A004DA6A7 /* Profiles.storyboard */ = {
			isa = PBXVariantGroup;
			children = (
				91E4792D23B69A2A004DA6A7 /* Base */,
			);
			name = Profiles.storyboard;
			sourceTree = "<group>";
		};
/* End PBXVariantGroup section */

/* Begin XCBuildConfiguration section */
		91E477FF23B66661004DA6A7 /* Debug */ = {
			isa = XCBuildConfiguration;
			buildSettings = {
				ALWAYS_SEARCH_USER_PATHS = NO;
				CLANG_ANALYZER_NONNULL = YES;
				CLANG_ANALYZER_NUMBER_OBJECT_CONVERSION = YES_AGGRESSIVE;
				CLANG_CXX_LANGUAGE_STANDARD = "gnu++14";
				CLANG_CXX_LIBRARY = "libc++";
				CLANG_ENABLE_MODULES = YES;
				CLANG_ENABLE_OBJC_ARC = YES;
				CLANG_ENABLE_OBJC_WEAK = YES;
				CLANG_WARN_BLOCK_CAPTURE_AUTORELEASING = YES;
				CLANG_WARN_BOOL_CONVERSION = YES;
				CLANG_WARN_COMMA = YES;
				CLANG_WARN_CONSTANT_CONVERSION = YES;
				CLANG_WARN_DEPRECATED_OBJC_IMPLEMENTATIONS = YES;
				CLANG_WARN_DIRECT_OBJC_ISA_USAGE = YES_ERROR;
				CLANG_WARN_DOCUMENTATION_COMMENTS = YES;
				CLANG_WARN_EMPTY_BODY = YES;
				CLANG_WARN_ENUM_CONVERSION = YES;
				CLANG_WARN_INFINITE_RECURSION = YES;
				CLANG_WARN_INT_CONVERSION = YES;
				CLANG_WARN_NON_LITERAL_NULL_CONVERSION = YES;
				CLANG_WARN_OBJC_IMPLICIT_RETAIN_SELF = YES;
				CLANG_WARN_OBJC_LITERAL_CONVERSION = YES;
				CLANG_WARN_OBJC_ROOT_CLASS = YES_ERROR;
				CLANG_WARN_RANGE_LOOP_ANALYSIS = YES;
				CLANG_WARN_STRICT_PROTOTYPES = YES;
				CLANG_WARN_SUSPICIOUS_MOVE = YES;
				CLANG_WARN_UNGUARDED_AVAILABILITY = YES_AGGRESSIVE;
				CLANG_WARN_UNREACHABLE_CODE = YES;
				CLANG_WARN__DUPLICATE_METHOD_MATCH = YES;
				COPY_PHASE_STRIP = NO;
				DEBUG_INFORMATION_FORMAT = dwarf;
				ENABLE_STRICT_OBJC_MSGSEND = YES;
				ENABLE_TESTABILITY = YES;
				GCC_C_LANGUAGE_STANDARD = gnu11;
				GCC_DYNAMIC_NO_PIC = NO;
				GCC_NO_COMMON_BLOCKS = YES;
				GCC_OPTIMIZATION_LEVEL = 0;
				GCC_PREPROCESSOR_DEFINITIONS = (
					"DEBUG=1",
					"$(inherited)",
				);
				GCC_WARN_64_TO_32_BIT_CONVERSION = YES;
				GCC_WARN_ABOUT_RETURN_TYPE = YES_ERROR;
				GCC_WARN_UNDECLARED_SELECTOR = YES;
				GCC_WARN_UNINITIALIZED_AUTOS = YES_AGGRESSIVE;
				GCC_WARN_UNUSED_FUNCTION = YES;
				GCC_WARN_UNUSED_VARIABLE = YES;
				MACOSX_DEPLOYMENT_TARGET = 10.14;
				MTL_ENABLE_DEBUG_INFO = INCLUDE_SOURCE;
				MTL_FAST_MATH = YES;
				ONLY_ACTIVE_ARCH = YES;
				SDKROOT = macosx;
				SWIFT_ACTIVE_COMPILATION_CONDITIONS = DEBUG;
				SWIFT_OPTIMIZATION_LEVEL = "-Onone";
			};
			name = Debug;
		};
		91E4780023B66661004DA6A7 /* Release */ = {
			isa = XCBuildConfiguration;
			buildSettings = {
				ALWAYS_SEARCH_USER_PATHS = NO;
				CLANG_ANALYZER_NONNULL = YES;
				CLANG_ANALYZER_NUMBER_OBJECT_CONVERSION = YES_AGGRESSIVE;
				CLANG_CXX_LANGUAGE_STANDARD = "gnu++14";
				CLANG_CXX_LIBRARY = "libc++";
				CLANG_ENABLE_MODULES = YES;
				CLANG_ENABLE_OBJC_ARC = YES;
				CLANG_ENABLE_OBJC_WEAK = YES;
				CLANG_WARN_BLOCK_CAPTURE_AUTORELEASING = YES;
				CLANG_WARN_BOOL_CONVERSION = YES;
				CLANG_WARN_COMMA = YES;
				CLANG_WARN_CONSTANT_CONVERSION = YES;
				CLANG_WARN_DEPRECATED_OBJC_IMPLEMENTATIONS = YES;
				CLANG_WARN_DIRECT_OBJC_ISA_USAGE = YES_ERROR;
				CLANG_WARN_DOCUMENTATION_COMMENTS = YES;
				CLANG_WARN_EMPTY_BODY = YES;
				CLANG_WARN_ENUM_CONVERSION = YES;
				CLANG_WARN_INFINITE_RECURSION = YES;
				CLANG_WARN_INT_CONVERSION = YES;
				CLANG_WARN_NON_LITERAL_NULL_CONVERSION = YES;
				CLANG_WARN_OBJC_IMPLICIT_RETAIN_SELF = YES;
				CLANG_WARN_OBJC_LITERAL_CONVERSION = YES;
				CLANG_WARN_OBJC_ROOT_CLASS = YES_ERROR;
				CLANG_WARN_RANGE_LOOP_ANALYSIS = YES;
				CLANG_WARN_STRICT_PROTOTYPES = YES;
				CLANG_WARN_SUSPICIOUS_MOVE = YES;
				CLANG_WARN_UNGUARDED_AVAILABILITY = YES_AGGRESSIVE;
				CLANG_WARN_UNREACHABLE_CODE = YES;
				CLANG_WARN__DUPLICATE_METHOD_MATCH = YES;
				COPY_PHASE_STRIP = NO;
				DEBUG_INFORMATION_FORMAT = "dwarf-with-dsym";
				ENABLE_NS_ASSERTIONS = NO;
				ENABLE_STRICT_OBJC_MSGSEND = YES;
				GCC_C_LANGUAGE_STANDARD = gnu11;
				GCC_NO_COMMON_BLOCKS = YES;
				GCC_WARN_64_TO_32_BIT_CONVERSION = YES;
				GCC_WARN_ABOUT_RETURN_TYPE = YES_ERROR;
				GCC_WARN_UNDECLARED_SELECTOR = YES;
				GCC_WARN_UNINITIALIZED_AUTOS = YES_AGGRESSIVE;
				GCC_WARN_UNUSED_FUNCTION = YES;
				GCC_WARN_UNUSED_VARIABLE = YES;
				MACOSX_DEPLOYMENT_TARGET = 10.14;
				MTL_ENABLE_DEBUG_INFO = NO;
				MTL_FAST_MATH = YES;
				SDKROOT = macosx;
				SWIFT_COMPILATION_MODE = wholemodule;
				SWIFT_OPTIMIZATION_LEVEL = "-O";
			};
			name = Release;
		};
		91E4780223B66661004DA6A7 /* Debug */ = {
			isa = XCBuildConfiguration;
			buildSettings = {
				ASSETCATALOG_COMPILER_APPICON_NAME = AppIcon;
				CODE_SIGN_ENTITLEMENTS = xSDR6000/xSDR6000.entitlements;
				CODE_SIGN_STYLE = Automatic;
				COMBINE_HIDPI_IMAGES = YES;
				CURRENT_PROJECT_VERSION = 1;
				DEVELOPMENT_TEAM = EE5B8TYXGA;
				ENABLE_HARDENED_RUNTIME = YES;
				FRAMEWORK_SEARCH_PATHS = (
					"$(inherited)",
					"$(PROJECT_DIR)/xSDR6000",
					"$(PROJECT_DIR)",
				);
				INFOPLIST_FILE = xSDR6000/Info.plist;
				LD_RUNPATH_SEARCH_PATHS = (
					"$(inherited)",
					"@executable_path/../Frameworks",
				);
				MACOSX_DEPLOYMENT_TARGET = 10.11;
				MARKETING_VERSION = 1.1.3;
				PRODUCT_BUNDLE_IDENTIFIER = net.k3tzr.xSDR6000;
				PRODUCT_NAME = "$(TARGET_NAME)";
				SWIFT_OBJC_BRIDGING_HEADER = "xSDR6000/xSDR6000-Bridging-Header.h";
				SWIFT_VERSION = 5.0;
			};
			name = Debug;
		};
		91E4780323B66661004DA6A7 /* Release */ = {
			isa = XCBuildConfiguration;
			buildSettings = {
				ASSETCATALOG_COMPILER_APPICON_NAME = AppIcon;
				CODE_SIGN_ENTITLEMENTS = xSDR6000/xSDR6000.entitlements;
				CODE_SIGN_STYLE = Automatic;
				COMBINE_HIDPI_IMAGES = YES;
				CURRENT_PROJECT_VERSION = 1;
				DEVELOPMENT_TEAM = EE5B8TYXGA;
				ENABLE_HARDENED_RUNTIME = YES;
				FRAMEWORK_SEARCH_PATHS = (
					"$(inherited)",
					"$(PROJECT_DIR)/xSDR6000",
					"$(PROJECT_DIR)",
				);
				INFOPLIST_FILE = xSDR6000/Info.plist;
				LD_RUNPATH_SEARCH_PATHS = (
					"$(inherited)",
					"@executable_path/../Frameworks",
				);
				MACOSX_DEPLOYMENT_TARGET = 10.11;
				MARKETING_VERSION = 1.1.3;
				PRODUCT_BUNDLE_IDENTIFIER = net.k3tzr.xSDR6000;
				PRODUCT_NAME = "$(TARGET_NAME)";
				SWIFT_OBJC_BRIDGING_HEADER = "xSDR6000/xSDR6000-Bridging-Header.h";
				SWIFT_VERSION = 5.0;
			};
			name = Release;
		};
/* End XCBuildConfiguration section */

/* Begin XCConfigurationList section */
		91E477EC23B66661004DA6A7 /* Build configuration list for PBXProject "xSDR6000" */ = {
			isa = XCConfigurationList;
			buildConfigurations = (
				91E477FF23B66661004DA6A7 /* Debug */,
				91E4780023B66661004DA6A7 /* Release */,
			);
			defaultConfigurationIsVisible = 0;
			defaultConfigurationName = Release;
		};
		91E4780123B66661004DA6A7 /* Build configuration list for PBXNativeTarget "xSDR6000" */ = {
			isa = XCConfigurationList;
			buildConfigurations = (
				91E4780223B66661004DA6A7 /* Debug */,
				91E4780323B66661004DA6A7 /* Release */,
			);
			defaultConfigurationIsVisible = 0;
			defaultConfigurationName = Release;
		};
/* End XCConfigurationList section */

/* Begin XCRemoteSwiftPackageReference section */
		9164EE5323DDDA6500086338 /* XCRemoteSwiftPackageReference "xLib6000" */ = {
			isa = XCRemoteSwiftPackageReference;
			repositoryURL = "https://github.com/K3TZR/xLib6000.git";
			requirement = {
				branch = master;
				kind = branch;
			};
		};
		917AAA7823D53FD90082FAEB /* XCRemoteSwiftPackageReference "XCGLogger" */ = {
			isa = XCRemoteSwiftPackageReference;
			repositoryURL = "https://github.com/DaveWoodCom/XCGLogger.git";
			requirement = {
				kind = upToNextMajorVersion;
				minimumVersion = 7.0.0;
			};
		};
		91E4790123B667BE004DA6A7 /* XCRemoteSwiftPackageReference "SwiftyUserDefaults" */ = {
			isa = XCRemoteSwiftPackageReference;
			repositoryURL = "https://github.com/sunshinejr/SwiftyUserDefaults.git";
			requirement = {
				kind = upToNextMajorVersion;
				minimumVersion = 4.0.0;
			};
		};
/* End XCRemoteSwiftPackageReference section */

/* Begin XCSwiftPackageProductDependency section */
		9164EE5423DDDA6500086338 /* xLib6000 */ = {
			isa = XCSwiftPackageProductDependency;
			package = 9164EE5323DDDA6500086338 /* XCRemoteSwiftPackageReference "xLib6000" */;
			productName = xLib6000;
		};
		917AAA7923D53FD90082FAEB /* ObjcExceptionBridging */ = {
			isa = XCSwiftPackageProductDependency;
			package = 917AAA7823D53FD90082FAEB /* XCRemoteSwiftPackageReference "XCGLogger" */;
			productName = ObjcExceptionBridging;
		};
		917AAA7B23D53FD90082FAEB /* XCGLogger */ = {
			isa = XCSwiftPackageProductDependency;
			package = 917AAA7823D53FD90082FAEB /* XCRemoteSwiftPackageReference "XCGLogger" */;
			productName = XCGLogger;
		};
		91E4790223B667BE004DA6A7 /* SwiftyUserDefaults */ = {
			isa = XCSwiftPackageProductDependency;
			package = 91E4790123B667BE004DA6A7 /* XCRemoteSwiftPackageReference "SwiftyUserDefaults" */;
			productName = SwiftyUserDefaults;
		};
/* End XCSwiftPackageProductDependency section */
	};
	rootObject = 91E477E923B66661004DA6A7 /* Project object */;
}
